# This file is automatically @generated by Cargo.
# It is not intended for manual editing.
version = 4

[[package]]
name = "paqetz"
version = "0.1.0"
dependencies = [
 "paqetz-core",
 "paqetz-dp",
 "paqetz-fw",
 "paqetz-net4",
 "paqetz-tcpwire",
]

[[package]]
name = "paqetz-core"
version = "0.1.0"

[[package]]
name = "paqetz-dp"
version = "0.1.0"

[[package]]
name = "paqetz-fw"
version = "0.1.0"

[[package]]
name = "paqetz-net4"
version = "0.1.0"

[[package]]
name = "paqetz-tcpwire"
version = "0.1.0"
